{
  "pins" : [
    {
      "identity" : "apollo-ios",
      "kind" : "remoteSourceControl",
      "location" : "https://github.com/apollographql/apollo-ios",
      "state" : {
        "revision" : "2da396e6934f98606b085e19156bc54c03a188c1",
        "version" : "1.6.0"
      }
    },
    {
      "identity" : "sqlite.swift",
      "kind" : "remoteSourceControl",
      "location" : "https://github.com/stephencelis/SQLite.swift.git",
      "state" : {
        "revision" : "7a2e3cd27de56f6d396e84f63beefd0267b55ccb",
        "version" : "0.14.1"
      }
    }
  ],
  "version" : 2
}
