// !$*UTF8*$!
{
	archiveVersion = 1;
	classes = {
	};
	objectVersion = 54;
	objects = {

/* Begin PBXBuildFile section */
		4506A71F2842E01300F299B4 /* Utilities in Frameworks */ = {isa = PBXBuildFile; productRef = 4506A71E2842E01300F299B4 /* Utilities */; };
		4508332A28435E7800BC9460 /* SharedDomain in Frameworks */ = {isa = PBXBuildFile; productRef = 4508332928435E7800BC9460 /* SharedDomain */; };
		4508333028435E7900BC9460 /* Utilities in Frameworks */ = {isa = PBXBuildFile; productRef = 4508332F28435E7900BC9460 /* Utilities */; };
		4508333428437BA500BC9460 /* MainFlowController.swift in Sources */ = {isa = PBXBuildFile; fileRef = 4508333328437BA500BC9460 /* MainFlowController.swift */; };
		4508333528437BA500BC9460 /* AppFlowController.swift in Sources */ = {isa = PBXBuildFile; fileRef = 4508333228437BA500BC9460 /* AppFlowController.swift */; };
		4508333728437BB700BC9460 /* UIToolkit in Frameworks */ = {isa = PBXBuildFile; productRef = 4508333628437BB700BC9460 /* UIToolkit */; };
		45122E662AD3488400BF3454 /* DependencyInjection in Frameworks */ = {isa = PBXBuildFile; productRef = 45122E652AD3488400BF3454 /* DependencyInjection */; };
		45122E682AD3488C00BF3454 /* Factory in Frameworks */ = {isa = PBXBuildFile; productRef = 45122E672AD3488C00BF3454 /* Factory */; };
		4524472727A417B1004853C8 /* WidgetView.swift in Sources */ = {isa = PBXBuildFile; fileRef = 4524472627A417B1004853C8 /* WidgetView.swift */; };
		453580EF284806FE007AEC9E /* strings.txt in Resources */ = {isa = PBXBuildFile; fileRef = 453580EE284806FE007AEC9E /* strings.txt */; };
		454F6EC426CE8B3900C386B8 /* InfoPlist.strings in Resources */ = {isa = PBXBuildFile; fileRef = 454F6EC226CE8B3500C386B8 /* InfoPlist.strings */; };
		4558D30B20FCC8FF005BC325 /* AppDelegate.swift in Sources */ = {isa = PBXBuildFile; fileRef = 4558D30A20FCC8FF005BC325 /* AppDelegate.swift */; };
		45702E60284226CA008D5487 /* SharedDomain in Frameworks */ = {isa = PBXBuildFile; productRef = 45702E5F284226CA008D5487 /* SharedDomain */; };
		4575E65625F6FA7600CCC003 /* AppIcon.xcassets in Resources */ = {isa = PBXBuildFile; fileRef = 4575E65525F6FA7600CCC003 /* AppIcon.xcassets */; };
		4597626F20FDF0810034DE29 /* LaunchScreen.storyboard in Resources */ = {isa = PBXBuildFile; fileRef = 4597626E20FDF0810034DE29 /* LaunchScreen.storyboard */; };
		459C3707274B001B00536110 /* Atlantis in Frameworks */ = {isa = PBXBuildFile; productRef = 459C3706274B001B00536110 /* Atlantis */; };
		45BCC8802AD057F000672401 /* Factory in Frameworks */ = {isa = PBXBuildFile; productRef = 45BCC87F2AD057F000672401 /* Factory */; };
		45DEBE1A27A153A10075C7E2 /* WidgetKit.framework in Frameworks */ = {isa = PBXBuildFile; fileRef = 45DEBE1927A153A10075C7E2 /* WidgetKit.framework */; };
		45DEBE1C27A153A10075C7E2 /* SwiftUI.framework in Frameworks */ = {isa = PBXBuildFile; fileRef = 45DEBE1B27A153A10075C7E2 /* SwiftUI.framework */; };
		45DEBE1F27A153A10075C7E2 /* Widget.swift in Sources */ = {isa = PBXBuildFile; fileRef = 45DEBE1E27A153A10075C7E2 /* Widget.swift */; };
		45DEBE2127A153A20075C7E2 /* Assets.xcassets in Resources */ = {isa = PBXBuildFile; fileRef = 45DEBE2027A153A20075C7E2 /* Assets.xcassets */; };
		45DEBE2527A153A20075C7E2 /* DevStack Widget.appex in Embed Foundation Extensions */ = {isa = PBXBuildFile; fileRef = 45DEBE1827A153A10075C7E2 /* DevStack Widget.appex */; settings = {ATTRIBUTES = (RemoveHeadersOnCopy, ); }; };
		A3009B982C5A6BA600806BA3 /* AnalyticsProvider in Frameworks */ = {isa = PBXBuildFile; productRef = A3009B972C5A6BA600806BA3 /* AnalyticsProvider */; };
		A353123F2C5A71C6009E1A3D /* Sample in Frameworks */ = {isa = PBXBuildFile; productRef = A353123E2C5A71C6009E1A3D /* Sample */; };
		A37BB4DE2C5CF770006C491D /* SampleSharedViewModel in Frameworks */ = {isa = PBXBuildFile; productRef = A37BB4DD2C5CF770006C491D /* SampleSharedViewModel */; };
		A37BB4E12C5D1129006C491D /* SampleComposeMultiplatform in Frameworks */ = {isa = PBXBuildFile; productRef = A37BB4E02C5D1129006C491D /* SampleComposeMultiplatform */; };
/* End PBXBuildFile section */

/* Begin PBXContainerItemProxy section */
		45DEBE2327A153A20075C7E2 /* PBXContainerItemProxy */ = {
			isa = PBXContainerItemProxy;
			containerPortal = 4558D2FF20FCC8FF005BC325 /* Project object */;
			proxyType = 1;
			remoteGlobalIDString = 45DEBE1727A153A10075C7E2;
			remoteInfo = "DevStack WidgetExtension";
		};
/* End PBXContainerItemProxy section */

/* Begin PBXCopyFilesBuildPhase section */
		45DEBE2627A153A20075C7E2 /* Embed Foundation Extensions */ = {
			isa = PBXCopyFilesBuildPhase;
			buildActionMask = 2147483647;
			dstPath = "";
			dstSubfolderSpec = 13;
			files = (
				45DEBE2527A153A20075C7E2 /* DevStack Widget.appex in Embed Foundation Extensions */,
			);
			name = "Embed Foundation Extensions";
			runOnlyForDeploymentPostprocessing = 0;
		};
/* End PBXCopyFilesBuildPhase section */

/* Begin PBXFileReference section */
		450392842256B29D0037BF42 /* GoogleService-Info-Alpha.plist */ = {isa = PBXFileReference; fileEncoding = 4; lastKnownFileType = text.plist.xml; path = "GoogleService-Info-Alpha.plist"; sourceTree = "<group>"; };
		450392862256B35E0037BF42 /* GoogleService-Info-Beta.plist */ = {isa = PBXFileReference; fileEncoding = 4; lastKnownFileType = text.plist.xml; path = "GoogleService-Info-Beta.plist"; sourceTree = "<group>"; };
		450392882256B3C60037BF42 /* GoogleService-Info-Prod.plist */ = {isa = PBXFileReference; fileEncoding = 4; lastKnownFileType = text.plist.xml; path = "GoogleService-Info-Prod.plist"; sourceTree = "<group>"; };
		4508333128436EFB00BC9460 /* UIToolkit */ = {isa = PBXFileReference; lastKnownFileType = wrapper; path = UIToolkit; sourceTree = "<group>"; };
		4508333228437BA500BC9460 /* AppFlowController.swift */ = {isa = PBXFileReference; lastKnownFileType = sourcecode.swift; path = AppFlowController.swift; sourceTree = "<group>"; };
		4508333328437BA500BC9460 /* MainFlowController.swift */ = {isa = PBXFileReference; lastKnownFileType = sourcecode.swift; path = MainFlowController.swift; sourceTree = "<group>"; };
		45238BDC2ACD7A5D0084E7E5 /* PrivacyInfo.xcprivacy */ = {isa = PBXFileReference; lastKnownFileType = text.xml; path = PrivacyInfo.xcprivacy; sourceTree = "<group>"; };
		4524472627A417B1004853C8 /* WidgetView.swift */ = {isa = PBXFileReference; lastKnownFileType = sourcecode.swift; path = WidgetView.swift; sourceTree = "<group>"; };
		4534C1C42603D6AD0022ACF4 /* XCTest.framework */ = {isa = PBXFileReference; lastKnownFileType = wrapper.framework; name = XCTest.framework; path = Platforms/iPhoneOS.platform/Developer/Library/Frameworks/XCTest.framework; sourceTree = DEVELOPER_DIR; };
		453580EE284806FE007AEC9E /* strings.txt */ = {isa = PBXFileReference; fileEncoding = 4; lastKnownFileType = text; name = strings.txt; path = ../../twine/strings.txt; sourceTree = "<group>"; };
		453C8807283FAB4C0027BDFB /* SharedDomain */ = {isa = PBXFileReference; lastKnownFileType = wrapper; path = SharedDomain; sourceTree = "<group>"; };
		454F6EC326CE8B3500C386B8 /* Base */ = {isa = PBXFileReference; lastKnownFileType = text.plist.strings; name = Base; path = Base.lproj/InfoPlist.strings; sourceTree = "<group>"; };
		454F6EC526CE8B4100C386B8 /* cs */ = {isa = PBXFileReference; lastKnownFileType = text.plist.strings; name = cs; path = cs.lproj/InfoPlist.strings; sourceTree = "<group>"; };
		454F6EC626CE8B4600C386B8 /* en */ = {isa = PBXFileReference; lastKnownFileType = text.plist.strings; name = en; path = en.lproj/InfoPlist.strings; sourceTree = "<group>"; };
		454F6EC726CE8B4A00C386B8 /* sk */ = {isa = PBXFileReference; lastKnownFileType = text.plist.strings; name = sk; path = sk.lproj/InfoPlist.strings; sourceTree = "<group>"; };
		4558D30720FCC8FF005BC325 /* DevStack.app */ = {isa = PBXFileReference; explicitFileType = wrapper.application; includeInIndex = 0; path = DevStack.app; sourceTree = BUILT_PRODUCTS_DIR; };
		4558D30A20FCC8FF005BC325 /* AppDelegate.swift */ = {isa = PBXFileReference; lastKnownFileType = sourcecode.swift; path = AppDelegate.swift; sourceTree = "<group>"; };
		456E73DD25F817FA007D9A6D /* Info.plist */ = {isa = PBXFileReference; fileEncoding = 4; lastKnownFileType = text.plist.xml; path = Info.plist; sourceTree = "<group>"; };
		4575E65525F6FA7600CCC003 /* AppIcon.xcassets */ = {isa = PBXFileReference; lastKnownFileType = folder.assetcatalog; path = AppIcon.xcassets; sourceTree = "<group>"; };
		45825BC32842961C003926B4 /* AnalyticsProvider */ = {isa = PBXFileReference; lastKnownFileType = wrapper; path = AnalyticsProvider; sourceTree = "<group>"; };
		4597626E20FDF0810034DE29 /* LaunchScreen.storyboard */ = {isa = PBXFileReference; lastKnownFileType = file.storyboard; path = LaunchScreen.storyboard; sourceTree = "<group>"; };
		459896B026129CB300C852E0 /* Info+Proxyman.plist */ = {isa = PBXFileReference; lastKnownFileType = text.plist.xml; path = "Info+Proxyman.plist"; sourceTree = "<group>"; };
		459B777827737AFB00EAA694 /* KMPShared.xcframework */ = {isa = PBXFileReference; lastKnownFileType = wrapper.xcframework; name = KMPShared.xcframework; path = DomainLayer/KMPShared.xcframework; sourceTree = "<group>"; };
		45BCC8832AD0B4F400672401 /* DependencyInjection */ = {isa = PBXFileReference; lastKnownFileType = wrapper; path = DependencyInjection; sourceTree = "<group>"; };
		45DEBE1827A153A10075C7E2 /* DevStack Widget.appex */ = {isa = PBXFileReference; explicitFileType = "wrapper.app-extension"; includeInIndex = 0; path = "DevStack Widget.appex"; sourceTree = BUILT_PRODUCTS_DIR; };
		45DEBE1927A153A10075C7E2 /* WidgetKit.framework */ = {isa = PBXFileReference; lastKnownFileType = wrapper.framework; name = WidgetKit.framework; path = System/Library/Frameworks/WidgetKit.framework; sourceTree = SDKROOT; };
		45DEBE1B27A153A10075C7E2 /* SwiftUI.framework */ = {isa = PBXFileReference; lastKnownFileType = wrapper.framework; name = SwiftUI.framework; path = System/Library/Frameworks/SwiftUI.framework; sourceTree = SDKROOT; };
		45DEBE1E27A153A10075C7E2 /* Widget.swift */ = {isa = PBXFileReference; lastKnownFileType = sourcecode.swift; path = Widget.swift; sourceTree = "<group>"; };
		45DEBE2027A153A20075C7E2 /* Assets.xcassets */ = {isa = PBXFileReference; lastKnownFileType = folder.assetcatalog; path = Assets.xcassets; sourceTree = "<group>"; };
		45DEBE2227A153A20075C7E2 /* Info.plist */ = {isa = PBXFileReference; lastKnownFileType = text.plist.xml; path = Info.plist; sourceTree = "<group>"; };
		45DEBE3227A400410075C7E2 /* Beta.entitlements */ = {isa = PBXFileReference; lastKnownFileType = text.plist.entitlements; path = Beta.entitlements; sourceTree = "<group>"; };
		45DEBE3327A400410075C7E2 /* Prod.entitlements */ = {isa = PBXFileReference; lastKnownFileType = text.plist.entitlements; path = Prod.entitlements; sourceTree = "<group>"; };
		45DEBE3427A400410075C7E2 /* Alpha.entitlements */ = {isa = PBXFileReference; lastKnownFileType = text.plist.entitlements; path = Alpha.entitlements; sourceTree = "<group>"; };
		45DEBE3627A401A40075C7E2 /* Prod.entitlements */ = {isa = PBXFileReference; lastKnownFileType = text.plist.entitlements; path = Prod.entitlements; sourceTree = "<group>"; };
		45DEBE3727A401A40075C7E2 /* Beta.entitlements */ = {isa = PBXFileReference; lastKnownFileType = text.plist.entitlements; path = Beta.entitlements; sourceTree = "<group>"; };
		45DEBE3827A401A40075C7E2 /* Alpha.entitlements */ = {isa = PBXFileReference; lastKnownFileType = text.plist.entitlements; path = Alpha.entitlements; sourceTree = "<group>"; };
		45FF99D72842B0A600E32D9A /* AnalyticsToolkit */ = {isa = PBXFileReference; lastKnownFileType = wrapper; path = AnalyticsToolkit; sourceTree = "<group>"; };
		45FF99D92842B51800E32D9A /* Utilities */ = {isa = PBXFileReference; lastKnownFileType = wrapper; path = Utilities; sourceTree = "<group>"; };
		A3009BAA2C5A6E5800806BA3 /* UserDefaultsProvider */ = {isa = PBXFileReference; lastKnownFileType = wrapper; path = UserDefaultsProvider; sourceTree = "<group>"; };
		A350DE7C2C5A3103009B6F77 /* KMPShared.xcframework */ = {isa = PBXFileReference; lastKnownFileType = wrapper.xcframework; path = KMPShared.xcframework; sourceTree = "<group>"; };
		A37BB4DC2C5CD658006C491D /* SampleSharedViewModel */ = {isa = PBXFileReference; lastKnownFileType = wrapper; path = SampleSharedViewModel; sourceTree = "<group>"; };
		A37BB4DF2C5D0CE5006C491D /* SampleComposeMultiplatform */ = {isa = PBXFileReference; lastKnownFileType = wrapper; path = SampleComposeMultiplatform; sourceTree = "<group>"; };
		A3F048832C5A43E100B9A3F3 /* Sample */ = {isa = PBXFileReference; lastKnownFileType = wrapper; path = Sample; sourceTree = "<group>"; };
		A3F048842C5A587700B9A3F3 /* KeychainProvider */ = {isa = PBXFileReference; lastKnownFileType = wrapper; path = KeychainProvider; sourceTree = "<group>"; };
		A3F048852C5A587700B9A3F3 /* NetworkProvider */ = {isa = PBXFileReference; lastKnownFileType = wrapper; path = NetworkProvider; sourceTree = "<group>"; };
/* End PBXFileReference section */

/* Begin PBXFrameworksBuildPhase section */
		4558D30420FCC8FF005BC325 /* Frameworks */ = {
			isa = PBXFrameworksBuildPhase;
			buildActionMask = 2147483647;
			files = (
				A3009B982C5A6BA600806BA3 /* AnalyticsProvider in Frameworks */,
				4508333728437BB700BC9460 /* UIToolkit in Frameworks */,
				A37BB4DE2C5CF770006C491D /* SampleSharedViewModel in Frameworks */,
				459C3707274B001B00536110 /* Atlantis in Frameworks */,
				4508333028435E7900BC9460 /* Utilities in Frameworks */,
				4508332A28435E7800BC9460 /* SharedDomain in Frameworks */,
				45BCC8802AD057F000672401 /* Factory in Frameworks */,
				A37BB4E12C5D1129006C491D /* SampleComposeMultiplatform in Frameworks */,
				A353123F2C5A71C6009E1A3D /* Sample in Frameworks */,
			);
			runOnlyForDeploymentPostprocessing = 0;
		};
		45DEBE1527A153A10075C7E2 /* Frameworks */ = {
			isa = PBXFrameworksBuildPhase;
			buildActionMask = 2147483647;
			files = (
				45122E682AD3488C00BF3454 /* Factory in Frameworks */,
				45DEBE1C27A153A10075C7E2 /* SwiftUI.framework in Frameworks */,
				4506A71F2842E01300F299B4 /* Utilities in Frameworks */,
				45122E662AD3488400BF3454 /* DependencyInjection in Frameworks */,
				45702E60284226CA008D5487 /* SharedDomain in Frameworks */,
				45DEBE1A27A153A10075C7E2 /* WidgetKit.framework in Frameworks */,
			);
			runOnlyForDeploymentPostprocessing = 0;
		};
/* End PBXFrameworksBuildPhase section */

/* Begin PBXGroup section */
		453C8801283FA9CA0027BDFB /* PresentationLayer */ = {
			isa = PBXGroup;
			children = (
				A3F048832C5A43E100B9A3F3 /* Sample */,
				A37BB4DC2C5CD658006C491D /* SampleSharedViewModel */,
				A37BB4DF2C5D0CE5006C491D /* SampleComposeMultiplatform */,
				4508333128436EFB00BC9460 /* UIToolkit */,
				453580EE284806FE007AEC9E /* strings.txt */,
			);
			path = PresentationLayer;
			sourceTree = "<group>";
		};
		453C8802283FA9D10027BDFB /* DomainLayer */ = {
			isa = PBXGroup;
			children = (
				A350DE7C2C5A3103009B6F77 /* KMPShared.xcframework */,
				453C8807283FAB4C0027BDFB /* SharedDomain */,
				45FF99D92842B51800E32D9A /* Utilities */,
			);
			path = DomainLayer;
			sourceTree = "<group>";
		};
		453C8803283FA9D70027BDFB /* DataLayer */ = {
			isa = PBXGroup;
			children = (
				45FF99D62842B05700E32D9A /* Toolkits */,
				45702E5928421D7F008D5487 /* Providers */,
			);
			path = DataLayer;
			sourceTree = "<group>";
		};
		4558D2FE20FCC8FF005BC325 = {
			isa = PBXGroup;
			children = (
				4558D30920FCC8FF005BC325 /* Application */,
				45DEBE1D27A153A10075C7E2 /* Widget */,
				453C8801283FA9CA0027BDFB /* PresentationLayer */,
				453C8802283FA9D10027BDFB /* DomainLayer */,
				453C8803283FA9D70027BDFB /* DataLayer */,
				4558D30820FCC8FF005BC325 /* Products */,
				4576CEDF25ACF54F00218229 /* Frameworks */,
			);
			sourceTree = "<group>";
		};
		4558D30820FCC8FF005BC325 /* Products */ = {
			isa = PBXGroup;
			children = (
				4558D30720FCC8FF005BC325 /* DevStack.app */,
				45DEBE1827A153A10075C7E2 /* DevStack Widget.appex */,
			);
			name = Products;
			sourceTree = "<group>";
		};
		4558D30920FCC8FF005BC325 /* Application */ = {
			isa = PBXGroup;
			children = (
				45BCC8832AD0B4F400672401 /* DependencyInjection */,
				4575E61225F6F82C00CCC003 /* Entitlements */,
				456E73DC25F817CF007D9A6D /* Info */,
				4575E61325F6F83600CCC003 /* GoogleService */,
				4558D30A20FCC8FF005BC325 /* AppDelegate.swift */,
				4508333228437BA500BC9460 /* AppFlowController.swift */,
				4508333328437BA500BC9460 /* MainFlowController.swift */,
				4575E65525F6FA7600CCC003 /* AppIcon.xcassets */,
				4597626E20FDF0810034DE29 /* LaunchScreen.storyboard */,
			);
			path = Application;
			sourceTree = "<group>";
		};
		456E73DC25F817CF007D9A6D /* Info */ = {
			isa = PBXGroup;
			children = (
				456E73DD25F817FA007D9A6D /* Info.plist */,
				459896B026129CB300C852E0 /* Info+Proxyman.plist */,
				454F6EC226CE8B3500C386B8 /* InfoPlist.strings */,
				45238BDC2ACD7A5D0084E7E5 /* PrivacyInfo.xcprivacy */,
			);
			path = Info;
			sourceTree = "<group>";
		};
		45702E5928421D7F008D5487 /* Providers */ = {
			isa = PBXGroup;
			children = (
				A3009BAA2C5A6E5800806BA3 /* UserDefaultsProvider */,
				A3F048842C5A587700B9A3F3 /* KeychainProvider */,
				A3F048852C5A587700B9A3F3 /* NetworkProvider */,
				45825BC32842961C003926B4 /* AnalyticsProvider */,
			);
			path = Providers;
			sourceTree = "<group>";
		};
		4575E61225F6F82C00CCC003 /* Entitlements */ = {
			isa = PBXGroup;
			children = (
				45DEBE3427A400410075C7E2 /* Alpha.entitlements */,
				45DEBE3227A400410075C7E2 /* Beta.entitlements */,
				45DEBE3327A400410075C7E2 /* Prod.entitlements */,
			);
			path = Entitlements;
			sourceTree = "<group>";
		};
		4575E61325F6F83600CCC003 /* GoogleService */ = {
			isa = PBXGroup;
			children = (
				450392842256B29D0037BF42 /* GoogleService-Info-Alpha.plist */,
				450392862256B35E0037BF42 /* GoogleService-Info-Beta.plist */,
				450392882256B3C60037BF42 /* GoogleService-Info-Prod.plist */,
			);
			path = GoogleService;
			sourceTree = "<group>";
		};
		4576CEDF25ACF54F00218229 /* Frameworks */ = {
			isa = PBXGroup;
			children = (
				4534C1C42603D6AD0022ACF4 /* XCTest.framework */,
				459B777827737AFB00EAA694 /* KMPShared.xcframework */,
				45DEBE1927A153A10075C7E2 /* WidgetKit.framework */,
				45DEBE1B27A153A10075C7E2 /* SwiftUI.framework */,
			);
			name = Frameworks;
			sourceTree = "<group>";
		};
		45DEBE1D27A153A10075C7E2 /* Widget */ = {
			isa = PBXGroup;
			children = (
				45DEBE3527A401740075C7E2 /* Entitlements */,
				45DEBE2027A153A20075C7E2 /* Assets.xcassets */,
				45DEBE2227A153A20075C7E2 /* Info.plist */,
				45DEBE1E27A153A10075C7E2 /* Widget.swift */,
				4524472627A417B1004853C8 /* WidgetView.swift */,
			);
			path = Widget;
			sourceTree = "<group>";
		};
		45DEBE3527A401740075C7E2 /* Entitlements */ = {
			isa = PBXGroup;
			children = (
				45DEBE3827A401A40075C7E2 /* Alpha.entitlements */,
				45DEBE3727A401A40075C7E2 /* Beta.entitlements */,
				45DEBE3627A401A40075C7E2 /* Prod.entitlements */,
			);
			path = Entitlements;
			sourceTree = "<group>";
		};
		45FF99D62842B05700E32D9A /* Toolkits */ = {
			isa = PBXGroup;
			children = (
				45FF99D72842B0A600E32D9A /* AnalyticsToolkit */,
			);
			path = Toolkits;
			sourceTree = "<group>";
		};
/* End PBXGroup section */

/* Begin PBXNativeTarget section */
		4558D30620FCC8FF005BC325 /* DevStack */ = {
			isa = PBXNativeTarget;
			buildConfigurationList = 4558D31920FCC900005BC325 /* Build configuration list for PBXNativeTarget "DevStack" */;
			buildPhases = (
				4558D30320FCC8FF005BC325 /* Sources */,
				4558D30420FCC8FF005BC325 /* Frameworks */,
				4558D30520FCC8FF005BC325 /* Resources */,
				453D3FCD25ED976A0094ADD7 /* Copy GoogleService-Info.plist */,
				45DEBE2627A153A20075C7E2 /* Embed Foundation Extensions */,
				45F1AC642BDFDF7A000795E2 /* Copy Moko resources */,
				4564A9F7289CFF3D00A0FEF0 /* Upload dSYMs to Crashlytics */,
			);
			buildRules = (
			);
			dependencies = (
				457CD0E42991606B00F491F9 /* PBXTargetDependency */,
				45DEBE2427A153A20075C7E2 /* PBXTargetDependency */,
			);
			name = DevStack;
			packageProductDependencies = (
				459C3706274B001B00536110 /* Atlantis */,
				4508332928435E7800BC9460 /* SharedDomain */,
				4508332F28435E7900BC9460 /* Utilities */,
				4508333628437BB700BC9460 /* UIToolkit */,
				45BCC87F2AD057F000672401 /* Factory */,
				A3009B972C5A6BA600806BA3 /* AnalyticsProvider */,
				A353123E2C5A71C6009E1A3D /* Sample */,
				A37BB4DD2C5CF770006C491D /* SampleSharedViewModel */,
				A37BB4E02C5D1129006C491D /* SampleComposeMultiplatform */,
			);
			productName = DevStack;
			productReference = 4558D30720FCC8FF005BC325 /* DevStack.app */;
			productType = "com.apple.product-type.application";
		};
		45DEBE1727A153A10075C7E2 /* DevStack Widget */ = {
			isa = PBXNativeTarget;
			buildConfigurationList = 45DEBE2D27A153A20075C7E2 /* Build configuration list for PBXNativeTarget "DevStack Widget" */;
			buildPhases = (
				45DEBE1427A153A10075C7E2 /* Sources */,
				45DEBE1527A153A10075C7E2 /* Frameworks */,
				45DEBE1627A153A10075C7E2 /* Resources */,
			);
			buildRules = (
			);
			dependencies = (
			);
			name = "DevStack Widget";
			packageProductDependencies = (
				45702E5F284226CA008D5487 /* SharedDomain */,
				4506A71E2842E01300F299B4 /* Utilities */,
				45122E652AD3488400BF3454 /* DependencyInjection */,
				45122E672AD3488C00BF3454 /* Factory */,
			);
			productName = "DevStack WidgetExtension";
			productReference = 45DEBE1827A153A10075C7E2 /* DevStack Widget.appex */;
			productType = "com.apple.product-type.app-extension";
		};
/* End PBXNativeTarget section */

/* Begin PBXProject section */
		4558D2FF20FCC8FF005BC325 /* Project object */ = {
			isa = PBXProject;
			attributes = {
				BuildIndependentTargetsInParallel = YES;
				LastSwiftUpdateCheck = 1320;
				LastUpgradeCheck = 1500;
				ORGANIZATIONNAME = Matee;
				TargetAttributes = {
					4558D30620FCC8FF005BC325 = {
						CreatedOnToolsVersion = 9.4.1;
					};
					45DEBE1727A153A10075C7E2 = {
						CreatedOnToolsVersion = 13.2.1;
					};
				};
			};
			buildConfigurationList = 4558D30220FCC8FF005BC325 /* Build configuration list for PBXProject "DevStack" */;
			compatibilityVersion = "Xcode 9.3";
			developmentRegion = en;
			hasScannedForEncodings = 0;
			knownRegions = (
				en,
				Base,
				cs,
				sk,
			);
			mainGroup = 4558D2FE20FCC8FF005BC325;
			packageReferences = (
				459EF41025BF6EEF00C9DAC0 /* XCRemoteSwiftPackageReference "atlantis" */,
				457CD0E22991603400F491F9 /* XCRemoteSwiftPackageReference "SwiftLint" */,
				45BCC87E2AD057F000672401 /* XCRemoteSwiftPackageReference "Factory" */,
			);
			productRefGroup = 4558D30820FCC8FF005BC325 /* Products */;
			projectDirPath = "";
			projectRoot = "";
			targets = (
				4558D30620FCC8FF005BC325 /* DevStack */,
				45DEBE1727A153A10075C7E2 /* DevStack Widget */,
			);
		};
/* End PBXProject section */

/* Begin PBXResourcesBuildPhase section */
		4558D30520FCC8FF005BC325 /* Resources */ = {
			isa = PBXResourcesBuildPhase;
			buildActionMask = 2147483647;
			files = (
				4575E65625F6FA7600CCC003 /* AppIcon.xcassets in Resources */,
				453580EF284806FE007AEC9E /* strings.txt in Resources */,
				454F6EC426CE8B3900C386B8 /* InfoPlist.strings in Resources */,
				4597626F20FDF0810034DE29 /* LaunchScreen.storyboard in Resources */,
			);
			runOnlyForDeploymentPostprocessing = 0;
		};
		45DEBE1627A153A10075C7E2 /* Resources */ = {
			isa = PBXResourcesBuildPhase;
			buildActionMask = 2147483647;
			files = (
				45DEBE2127A153A20075C7E2 /* Assets.xcassets in Resources */,
			);
			runOnlyForDeploymentPostprocessing = 0;
		};
/* End PBXResourcesBuildPhase section */

/* Begin PBXShellScriptBuildPhase section */
		453D3FCD25ED976A0094ADD7 /* Copy GoogleService-Info.plist */ = {
			isa = PBXShellScriptBuildPhase;
			alwaysOutOfDate = 1;
			buildActionMask = 2147483647;
			files = (
			);
			inputFileListPaths = (
			);
			inputPaths = (
			);
			name = "Copy GoogleService-Info.plist";
			outputFileListPaths = (
			);
			outputPaths = (
			);
			runOnlyForDeploymentPostprocessing = 0;
			shellPath = /bin/sh;
			shellScript = "GOOGLE_SERVICE_INFO_PLIST_FROM=\"${PROJECT_DIR}/${GOOGLE_SERVICE_INFO_PLIST_FILE}\"\nGOOGLE_SERVICE_INFO_PLIST_TO=\"${BUILT_PRODUCTS_DIR}/${FULL_PRODUCT_NAME}/GoogleService-Info.plist\"\ncp \"${GOOGLE_SERVICE_INFO_PLIST_FROM}\" \"${GOOGLE_SERVICE_INFO_PLIST_TO}\" \n";
		};
		4564A9F7289CFF3D00A0FEF0 /* Upload dSYMs to Crashlytics */ = {
			isa = PBXShellScriptBuildPhase;
			alwaysOutOfDate = 1;
			buildActionMask = 2147483647;
			files = (
			);
			inputFileListPaths = (
			);
			inputPaths = (
				"${DWARF_DSYM_FOLDER_PATH}/${DWARF_DSYM_FILE_NAME}/Contents/Resources/DWARF/${TARGET_NAME}",
				"$(SRCROOT)/$(BUILT_PRODUCTS_DIR)/$(INFOPLIST_PATH)",
			);
			name = "Upload dSYMs to Crashlytics";
			outputFileListPaths = (
			);
			outputPaths = (
			);
			runOnlyForDeploymentPostprocessing = 0;
			shellPath = /bin/sh;
			shellScript = "\"${BUILD_DIR%/Build/*}/SourcePackages/checkouts/firebase-ios-sdk/Crashlytics/run\"\n";
		};
		45F1AC642BDFDF7A000795E2 /* Copy Moko resources */ = {
			isa = PBXShellScriptBuildPhase;
			buildActionMask = 2147483647;
			files = (
			);
			inputFileListPaths = (
			);
			inputPaths = (
			);
			name = "Copy Moko resources";
			outputFileListPaths = (
			);
			outputPaths = (
			);
			runOnlyForDeploymentPostprocessing = 0;
			shellPath = /bin/sh;
			shellScript = "cd \"${PROJECT_DIR}\"\nscripts/copy-moko-resources.sh\n";
		};
/* End PBXShellScriptBuildPhase section */

/* Begin PBXSourcesBuildPhase section */
		4558D30320FCC8FF005BC325 /* Sources */ = {
			isa = PBXSourcesBuildPhase;
			buildActionMask = 2147483647;
			files = (
				4508333428437BA500BC9460 /* MainFlowController.swift in Sources */,
				4558D30B20FCC8FF005BC325 /* AppDelegate.swift in Sources */,
				4508333528437BA500BC9460 /* AppFlowController.swift in Sources */,
			);
			runOnlyForDeploymentPostprocessing = 0;
		};
		45DEBE1427A153A10075C7E2 /* Sources */ = {
			isa = PBXSourcesBuildPhase;
			buildActionMask = 2147483647;
			files = (
				4524472727A417B1004853C8 /* WidgetView.swift in Sources */,
				45DEBE1F27A153A10075C7E2 /* Widget.swift in Sources */,
			);
			runOnlyForDeploymentPostprocessing = 0;
		};
/* End PBXSourcesBuildPhase section */

/* Begin PBXTargetDependency section */
		457CD0E42991606B00F491F9 /* PBXTargetDependency */ = {
			isa = PBXTargetDependency;
			productRef = 457CD0E32991606B00F491F9 /* SwiftLintPlugin */;
		};
		45DEBE2427A153A20075C7E2 /* PBXTargetDependency */ = {
			isa = PBXTargetDependency;
			target = 45DEBE1727A153A10075C7E2 /* DevStack Widget */;
			targetProxy = 45DEBE2327A153A20075C7E2 /* PBXContainerItemProxy */;
		};
/* End PBXTargetDependency section */

/* Begin PBXVariantGroup section */
		454F6EC226CE8B3500C386B8 /* InfoPlist.strings */ = {
			isa = PBXVariantGroup;
			children = (
				454F6EC326CE8B3500C386B8 /* Base */,
				454F6EC526CE8B4100C386B8 /* cs */,
				454F6EC626CE8B4600C386B8 /* en */,
				454F6EC726CE8B4A00C386B8 /* sk */,
			);
			name = InfoPlist.strings;
			sourceTree = "<group>";
		};
/* End PBXVariantGroup section */

/* Begin XCBuildConfiguration section */
		453D3F5825ED2AD70094ADD7 /* Alpha Debug */ = {
			isa = XCBuildConfiguration;
			buildSettings = {
				ALWAYS_SEARCH_USER_PATHS = NO;
				CLANG_ANALYZER_LOCALIZABILITY_NONLOCALIZED = YES;
				CLANG_ANALYZER_NONNULL = YES;
				CLANG_ANALYZER_NUMBER_OBJECT_CONVERSION = YES_AGGRESSIVE;
				CLANG_CXX_LANGUAGE_STANDARD = "gnu++14";
				CLANG_CXX_LIBRARY = "libc++";
				CLANG_ENABLE_MODULES = YES;
				CLANG_ENABLE_OBJC_ARC = YES;
				CLANG_ENABLE_OBJC_WEAK = YES;
				CLANG_WARN_BLOCK_CAPTURE_AUTORELEASING = YES;
				CLANG_WARN_BOOL_CONVERSION = YES;
				CLANG_WARN_COMMA = YES;
				CLANG_WARN_CONSTANT_CONVERSION = YES;
				CLANG_WARN_DEPRECATED_OBJC_IMPLEMENTATIONS = YES;
				CLANG_WARN_DIRECT_OBJC_ISA_USAGE = YES_ERROR;
				CLANG_WARN_DOCUMENTATION_COMMENTS = YES;
				CLANG_WARN_EMPTY_BODY = YES;
				CLANG_WARN_ENUM_CONVERSION = YES;
				CLANG_WARN_INFINITE_RECURSION = YES;
				CLANG_WARN_INT_CONVERSION = YES;
				CLANG_WARN_NON_LITERAL_NULL_CONVERSION = YES;
				CLANG_WARN_OBJC_IMPLICIT_RETAIN_SELF = YES;
				CLANG_WARN_OBJC_LITERAL_CONVERSION = YES;
				CLANG_WARN_OBJC_ROOT_CLASS = YES_ERROR;
				CLANG_WARN_QUOTED_INCLUDE_IN_FRAMEWORK_HEADER = YES;
				CLANG_WARN_RANGE_LOOP_ANALYSIS = YES;
				CLANG_WARN_STRICT_PROTOTYPES = YES;
				CLANG_WARN_SUSPICIOUS_MOVE = YES;
				CLANG_WARN_UNGUARDED_AVAILABILITY = YES_AGGRESSIVE;
				CLANG_WARN_UNREACHABLE_CODE = YES;
				CLANG_WARN__DUPLICATE_METHOD_MATCH = YES;
				CODE_SIGN_IDENTITY = "iPhone Developer";
				COPY_PHASE_STRIP = NO;
				DEBUG_INFORMATION_FORMAT = dwarf;
				ENABLE_STRICT_OBJC_MSGSEND = YES;
				ENABLE_TESTABILITY = YES;
				ENABLE_USER_SCRIPT_SANDBOXING = YES;
				GCC_C_LANGUAGE_STANDARD = gnu11;
				GCC_DYNAMIC_NO_PIC = NO;
				GCC_NO_COMMON_BLOCKS = YES;
				GCC_OPTIMIZATION_LEVEL = 0;
				GCC_PREPROCESSOR_DEFINITIONS = (
					"DEBUG=1",
					"$(inherited)",
				);
				GCC_WARN_64_TO_32_BIT_CONVERSION = YES;
				GCC_WARN_ABOUT_RETURN_TYPE = YES_ERROR;
				GCC_WARN_UNDECLARED_SELECTOR = YES;
				GCC_WARN_UNINITIALIZED_AUTOS = YES_AGGRESSIVE;
				GCC_WARN_UNUSED_FUNCTION = YES;
				GCC_WARN_UNUSED_VARIABLE = YES;
				IPHONEOS_DEPLOYMENT_TARGET = 15.0;
				MTL_ENABLE_DEBUG_INFO = YES;
				ONLY_ACTIVE_ARCH = YES;
				SDKROOT = iphoneos;
				SWIFT_ACTIVE_COMPILATION_CONDITIONS = DEBUG;
				SWIFT_OPTIMIZATION_LEVEL = "-Onone";
			};
			name = "Alpha Debug";
		};
		453D3F5925ED2AD70094ADD7 /* Alpha Debug */ = {
			isa = XCBuildConfiguration;
			buildSettings = {
				ALWAYS_EMBED_SWIFT_STANDARD_LIBRARIES = YES;
				APP_DISPLAY_NAME = "A-DevStack";
				ASSETCATALOG_COMPILER_APPICON_NAME = "AppIcon-Alpha";
				CODE_SIGN_ENTITLEMENTS = Application/Entitlements/Alpha.entitlements;
				CODE_SIGN_IDENTITY = "iPhone Developer";
				CODE_SIGN_STYLE = Automatic;
				CURRENT_PROJECT_VERSION = 1;
				DEBUG_INFORMATION_FORMAT = "dwarf-with-dsym";
				DEVELOPMENT_TEAM = WNB34WBN42;
				ENABLE_BITCODE = NO;
				ENABLE_USER_SCRIPT_SANDBOXING = NO;
				FRAMEWORK_SEARCH_PATHS = "";
				GOOGLE_SERVICE_INFO_PLIST_FILE = "Application/GoogleService/GoogleService-Info-Alpha.plist";
				INFOPLIST_FILE = "Application/Info/Info+Proxyman.plist";
				IPHONEOS_DEPLOYMENT_TARGET = 15.0;
				LD_RUNPATH_SEARCH_PATHS = (
					"$(inherited)",
					"@executable_path/Frameworks",
				);
				MARKETING_VERSION = 1.0.0;
				OTHER_LDFLAGS = "-ObjC";
				OTHER_SWIFT_FLAGS = "$(inherited) \"-DALPHA\"";
				PRODUCT_BUNDLE_IDENTIFIER = cz.matee.devstack.alpha;
				PRODUCT_NAME = DevStack;
				PROVISIONING_PROFILE_SPECIFIER = "";
				SWIFT_VERSION = 5.0;
				TARGETED_DEVICE_FAMILY = 1;
				VERSIONING_SYSTEM = "apple-generic";
			};
			name = "Alpha Debug";
		};
		453D3F5D25ED2AE60094ADD7 /* Beta Debug */ = {
			isa = XCBuildConfiguration;
			buildSettings = {
				ALWAYS_SEARCH_USER_PATHS = NO;
				CLANG_ANALYZER_LOCALIZABILITY_NONLOCALIZED = YES;
				CLANG_ANALYZER_NONNULL = YES;
				CLANG_ANALYZER_NUMBER_OBJECT_CONVERSION = YES_AGGRESSIVE;
				CLANG_CXX_LANGUAGE_STANDARD = "gnu++14";
				CLANG_CXX_LIBRARY = "libc++";
				CLANG_ENABLE_MODULES = YES;
				CLANG_ENABLE_OBJC_ARC = YES;
				CLANG_ENABLE_OBJC_WEAK = YES;
				CLANG_WARN_BLOCK_CAPTURE_AUTORELEASING = YES;
				CLANG_WARN_BOOL_CONVERSION = YES;
				CLANG_WARN_COMMA = YES;
				CLANG_WARN_CONSTANT_CONVERSION = YES;
				CLANG_WARN_DEPRECATED_OBJC_IMPLEMENTATIONS = YES;
				CLANG_WARN_DIRECT_OBJC_ISA_USAGE = YES_ERROR;
				CLANG_WARN_DOCUMENTATION_COMMENTS = YES;
				CLANG_WARN_EMPTY_BODY = YES;
				CLANG_WARN_ENUM_CONVERSION = YES;
				CLANG_WARN_INFINITE_RECURSION = YES;
				CLANG_WARN_INT_CONVERSION = YES;
				CLANG_WARN_NON_LITERAL_NULL_CONVERSION = YES;
				CLANG_WARN_OBJC_IMPLICIT_RETAIN_SELF = YES;
				CLANG_WARN_OBJC_LITERAL_CONVERSION = YES;
				CLANG_WARN_OBJC_ROOT_CLASS = YES_ERROR;
				CLANG_WARN_QUOTED_INCLUDE_IN_FRAMEWORK_HEADER = YES;
				CLANG_WARN_RANGE_LOOP_ANALYSIS = YES;
				CLANG_WARN_STRICT_PROTOTYPES = YES;
				CLANG_WARN_SUSPICIOUS_MOVE = YES;
				CLANG_WARN_UNGUARDED_AVAILABILITY = YES_AGGRESSIVE;
				CLANG_WARN_UNREACHABLE_CODE = YES;
				CLANG_WARN__DUPLICATE_METHOD_MATCH = YES;
				CODE_SIGN_IDENTITY = "iPhone Developer";
				COPY_PHASE_STRIP = NO;
				DEBUG_INFORMATION_FORMAT = dwarf;
				ENABLE_STRICT_OBJC_MSGSEND = YES;
				ENABLE_TESTABILITY = YES;
				ENABLE_USER_SCRIPT_SANDBOXING = YES;
				GCC_C_LANGUAGE_STANDARD = gnu11;
				GCC_DYNAMIC_NO_PIC = NO;
				GCC_NO_COMMON_BLOCKS = YES;
				GCC_OPTIMIZATION_LEVEL = 0;
				GCC_PREPROCESSOR_DEFINITIONS = (
					"DEBUG=1",
					"$(inherited)",
				);
				GCC_WARN_64_TO_32_BIT_CONVERSION = YES;
				GCC_WARN_ABOUT_RETURN_TYPE = YES_ERROR;
				GCC_WARN_UNDECLARED_SELECTOR = YES;
				GCC_WARN_UNINITIALIZED_AUTOS = YES_AGGRESSIVE;
				GCC_WARN_UNUSED_FUNCTION = YES;
				GCC_WARN_UNUSED_VARIABLE = YES;
				IPHONEOS_DEPLOYMENT_TARGET = 15.0;
				MTL_ENABLE_DEBUG_INFO = YES;
				ONLY_ACTIVE_ARCH = YES;
				SDKROOT = iphoneos;
				SWIFT_ACTIVE_COMPILATION_CONDITIONS = DEBUG;
				SWIFT_OPTIMIZATION_LEVEL = "-Onone";
			};
			name = "Beta Debug";
		};
		453D3F5E25ED2AE60094ADD7 /* Beta Debug */ = {
			isa = XCBuildConfiguration;
			buildSettings = {
				ALWAYS_EMBED_SWIFT_STANDARD_LIBRARIES = YES;
				APP_DISPLAY_NAME = "B-DevStack";
				ASSETCATALOG_COMPILER_APPICON_NAME = "AppIcon-Beta";
				CODE_SIGN_ENTITLEMENTS = Application/Entitlements/Beta.entitlements;
				CODE_SIGN_IDENTITY = "iPhone Developer";
				CODE_SIGN_STYLE = Automatic;
				CURRENT_PROJECT_VERSION = 1;
				DEBUG_INFORMATION_FORMAT = "dwarf-with-dsym";
				DEVELOPMENT_TEAM = WNB34WBN42;
				ENABLE_BITCODE = NO;
				ENABLE_USER_SCRIPT_SANDBOXING = NO;
				FRAMEWORK_SEARCH_PATHS = "";
				GOOGLE_SERVICE_INFO_PLIST_FILE = "Application/GoogleService/GoogleService-Info-Beta.plist";
				INFOPLIST_FILE = "Application/Info/Info+Proxyman.plist";
				IPHONEOS_DEPLOYMENT_TARGET = 15.0;
				LD_RUNPATH_SEARCH_PATHS = (
					"$(inherited)",
					"@executable_path/Frameworks",
				);
				MARKETING_VERSION = 1.0.0;
				OTHER_LDFLAGS = "-ObjC";
				OTHER_SWIFT_FLAGS = "$(inherited) \"-DBETA\"";
				PRODUCT_BUNDLE_IDENTIFIER = cz.matee.devstack.beta;
				PRODUCT_NAME = DevStack;
				PROVISIONING_PROFILE_SPECIFIER = "";
				SWIFT_VERSION = 5.0;
				TARGETED_DEVICE_FAMILY = 1;
				VERSIONING_SYSTEM = "apple-generic";
			};
			name = "Beta Debug";
		};
		453D3F6225ED2AF10094ADD7 /* Alpha Release */ = {
			isa = XCBuildConfiguration;
			buildSettings = {
				ALWAYS_SEARCH_USER_PATHS = NO;
				CLANG_ANALYZER_LOCALIZABILITY_NONLOCALIZED = YES;
				CLANG_ANALYZER_NONNULL = YES;
				CLANG_ANALYZER_NUMBER_OBJECT_CONVERSION = YES_AGGRESSIVE;
				CLANG_CXX_LANGUAGE_STANDARD = "gnu++14";
				CLANG_CXX_LIBRARY = "libc++";
				CLANG_ENABLE_MODULES = YES;
				CLANG_ENABLE_OBJC_ARC = YES;
				CLANG_ENABLE_OBJC_WEAK = YES;
				CLANG_WARN_BLOCK_CAPTURE_AUTORELEASING = YES;
				CLANG_WARN_BOOL_CONVERSION = YES;
				CLANG_WARN_COMMA = YES;
				CLANG_WARN_CONSTANT_CONVERSION = YES;
				CLANG_WARN_DEPRECATED_OBJC_IMPLEMENTATIONS = YES;
				CLANG_WARN_DIRECT_OBJC_ISA_USAGE = YES_ERROR;
				CLANG_WARN_DOCUMENTATION_COMMENTS = YES;
				CLANG_WARN_EMPTY_BODY = YES;
				CLANG_WARN_ENUM_CONVERSION = YES;
				CLANG_WARN_INFINITE_RECURSION = YES;
				CLANG_WARN_INT_CONVERSION = YES;
				CLANG_WARN_NON_LITERAL_NULL_CONVERSION = YES;
				CLANG_WARN_OBJC_IMPLICIT_RETAIN_SELF = YES;
				CLANG_WARN_OBJC_LITERAL_CONVERSION = YES;
				CLANG_WARN_OBJC_ROOT_CLASS = YES_ERROR;
				CLANG_WARN_QUOTED_INCLUDE_IN_FRAMEWORK_HEADER = YES;
				CLANG_WARN_RANGE_LOOP_ANALYSIS = YES;
				CLANG_WARN_STRICT_PROTOTYPES = YES;
				CLANG_WARN_SUSPICIOUS_MOVE = YES;
				CLANG_WARN_UNGUARDED_AVAILABILITY = YES_AGGRESSIVE;
				CLANG_WARN_UNREACHABLE_CODE = YES;
				CLANG_WARN__DUPLICATE_METHOD_MATCH = YES;
				CODE_SIGN_IDENTITY = "iPhone Developer";
				COPY_PHASE_STRIP = NO;
				DEBUG_INFORMATION_FORMAT = "dwarf-with-dsym";
				ENABLE_NS_ASSERTIONS = NO;
				ENABLE_STRICT_OBJC_MSGSEND = YES;
				ENABLE_USER_SCRIPT_SANDBOXING = YES;
				GCC_C_LANGUAGE_STANDARD = gnu11;
				GCC_NO_COMMON_BLOCKS = YES;
				GCC_WARN_64_TO_32_BIT_CONVERSION = YES;
				GCC_WARN_ABOUT_RETURN_TYPE = YES_ERROR;
				GCC_WARN_UNDECLARED_SELECTOR = YES;
				GCC_WARN_UNINITIALIZED_AUTOS = YES_AGGRESSIVE;
				GCC_WARN_UNUSED_FUNCTION = YES;
				GCC_WARN_UNUSED_VARIABLE = YES;
				IPHONEOS_DEPLOYMENT_TARGET = 15.0;
				MTL_ENABLE_DEBUG_INFO = NO;
				SDKROOT = iphoneos;
				SWIFT_COMPILATION_MODE = wholemodule;
				SWIFT_OPTIMIZATION_LEVEL = "-O";
				VALIDATE_PRODUCT = YES;
			};
			name = "Alpha Release";
		};
		453D3F6325ED2AF10094ADD7 /* Alpha Release */ = {
			isa = XCBuildConfiguration;
			buildSettings = {
				ALWAYS_EMBED_SWIFT_STANDARD_LIBRARIES = YES;
				APP_DISPLAY_NAME = "A-DevStack";
				ASSETCATALOG_COMPILER_APPICON_NAME = "AppIcon-Alpha";
				CODE_SIGN_ENTITLEMENTS = Application/Entitlements/Alpha.entitlements;
				CODE_SIGN_IDENTITY = "Apple Development";
				CODE_SIGN_STYLE = Automatic;
				CURRENT_PROJECT_VERSION = 1;
				DEBUG_INFORMATION_FORMAT = "dwarf-with-dsym";
				DEVELOPMENT_TEAM = WNB34WBN42;
				ENABLE_BITCODE = NO;
				ENABLE_TESTABILITY = YES;
				ENABLE_USER_SCRIPT_SANDBOXING = NO;
				FRAMEWORK_SEARCH_PATHS = "";
				GOOGLE_SERVICE_INFO_PLIST_FILE = "Application/GoogleService/GoogleService-Info-Alpha.plist";
				INFOPLIST_FILE = "Application/Info/Info+Proxyman.plist";
				IPHONEOS_DEPLOYMENT_TARGET = 15.0;
				LD_RUNPATH_SEARCH_PATHS = (
					"$(inherited)",
					"@executable_path/Frameworks",
				);
				MARKETING_VERSION = 1.0.0;
				OTHER_LDFLAGS = "-ObjC";
				OTHER_SWIFT_FLAGS = "$(inherited) \"-DALPHA\"";
				PRODUCT_BUNDLE_IDENTIFIER = cz.matee.devstack.alpha;
				PRODUCT_NAME = DevStack;
				PROVISIONING_PROFILE_SPECIFIER = "";
				SWIFT_VERSION = 5.0;
				TARGETED_DEVICE_FAMILY = 1;
				VERSIONING_SYSTEM = "apple-generic";
			};
			name = "Alpha Release";
		};
		453D3F6725ED2AFB0094ADD7 /* Beta Release */ = {
			isa = XCBuildConfiguration;
			buildSettings = {
				ALWAYS_SEARCH_USER_PATHS = NO;
				CLANG_ANALYZER_LOCALIZABILITY_NONLOCALIZED = YES;
				CLANG_ANALYZER_NONNULL = YES;
				CLANG_ANALYZER_NUMBER_OBJECT_CONVERSION = YES_AGGRESSIVE;
				CLANG_CXX_LANGUAGE_STANDARD = "gnu++14";
				CLANG_CXX_LIBRARY = "libc++";
				CLANG_ENABLE_MODULES = YES;
				CLANG_ENABLE_OBJC_ARC = YES;
				CLANG_ENABLE_OBJC_WEAK = YES;
				CLANG_WARN_BLOCK_CAPTURE_AUTORELEASING = YES;
				CLANG_WARN_BOOL_CONVERSION = YES;
				CLANG_WARN_COMMA = YES;
				CLANG_WARN_CONSTANT_CONVERSION = YES;
				CLANG_WARN_DEPRECATED_OBJC_IMPLEMENTATIONS = YES;
				CLANG_WARN_DIRECT_OBJC_ISA_USAGE = YES_ERROR;
				CLANG_WARN_DOCUMENTATION_COMMENTS = YES;
				CLANG_WARN_EMPTY_BODY = YES;
				CLANG_WARN_ENUM_CONVERSION = YES;
				CLANG_WARN_INFINITE_RECURSION = YES;
				CLANG_WARN_INT_CONVERSION = YES;
				CLANG_WARN_NON_LITERAL_NULL_CONVERSION = YES;
				CLANG_WARN_OBJC_IMPLICIT_RETAIN_SELF = YES;
				CLANG_WARN_OBJC_LITERAL_CONVERSION = YES;
				CLANG_WARN_OBJC_ROOT_CLASS = YES_ERROR;
				CLANG_WARN_QUOTED_INCLUDE_IN_FRAMEWORK_HEADER = YES;
				CLANG_WARN_RANGE_LOOP_ANALYSIS = YES;
				CLANG_WARN_STRICT_PROTOTYPES = YES;
				CLANG_WARN_SUSPICIOUS_MOVE = YES;
				CLANG_WARN_UNGUARDED_AVAILABILITY = YES_AGGRESSIVE;
				CLANG_WARN_UNREACHABLE_CODE = YES;
				CLANG_WARN__DUPLICATE_METHOD_MATCH = YES;
				CODE_SIGN_IDENTITY = "iPhone Developer";
				COPY_PHASE_STRIP = NO;
				DEBUG_INFORMATION_FORMAT = "dwarf-with-dsym";
				ENABLE_NS_ASSERTIONS = NO;
				ENABLE_STRICT_OBJC_MSGSEND = YES;
				ENABLE_USER_SCRIPT_SANDBOXING = YES;
				GCC_C_LANGUAGE_STANDARD = gnu11;
				GCC_NO_COMMON_BLOCKS = YES;
				GCC_WARN_64_TO_32_BIT_CONVERSION = YES;
				GCC_WARN_ABOUT_RETURN_TYPE = YES_ERROR;
				GCC_WARN_UNDECLARED_SELECTOR = YES;
				GCC_WARN_UNINITIALIZED_AUTOS = YES_AGGRESSIVE;
				GCC_WARN_UNUSED_FUNCTION = YES;
				GCC_WARN_UNUSED_VARIABLE = YES;
				IPHONEOS_DEPLOYMENT_TARGET = 15.0;
				MTL_ENABLE_DEBUG_INFO = NO;
				SDKROOT = iphoneos;
				SWIFT_COMPILATION_MODE = wholemodule;
				SWIFT_OPTIMIZATION_LEVEL = "-O";
				VALIDATE_PRODUCT = YES;
			};
			name = "Beta Release";
		};
		453D3F6825ED2AFB0094ADD7 /* Beta Release */ = {
			isa = XCBuildConfiguration;
			buildSettings = {
				ALWAYS_EMBED_SWIFT_STANDARD_LIBRARIES = YES;
				APP_DISPLAY_NAME = "B-DevStack";
				ASSETCATALOG_COMPILER_APPICON_NAME = "AppIcon-Beta";
				CODE_SIGN_ENTITLEMENTS = Application/Entitlements/Beta.entitlements;
				CODE_SIGN_IDENTITY = "Apple Development";
				CODE_SIGN_STYLE = Automatic;
				CURRENT_PROJECT_VERSION = 1;
				DEBUG_INFORMATION_FORMAT = "dwarf-with-dsym";
				DEVELOPMENT_TEAM = WNB34WBN42;
				ENABLE_BITCODE = NO;
				ENABLE_TESTABILITY = YES;
				ENABLE_USER_SCRIPT_SANDBOXING = NO;
				FRAMEWORK_SEARCH_PATHS = "";
				GOOGLE_SERVICE_INFO_PLIST_FILE = "Application/GoogleService/GoogleService-Info-Beta.plist";
				INFOPLIST_FILE = "Application/Info/Info+Proxyman.plist";
				IPHONEOS_DEPLOYMENT_TARGET = 15.0;
				LD_RUNPATH_SEARCH_PATHS = (
					"$(inherited)",
					"@executable_path/Frameworks",
				);
				MARKETING_VERSION = 1.0.0;
				OTHER_LDFLAGS = "-ObjC";
				OTHER_SWIFT_FLAGS = "$(inherited) \"-DBETA\"";
				PRODUCT_BUNDLE_IDENTIFIER = cz.matee.devstack.beta;
				PRODUCT_NAME = DevStack;
				PROVISIONING_PROFILE_SPECIFIER = "";
				SWIFT_VERSION = 5.0;
				TARGETED_DEVICE_FAMILY = 1;
				VERSIONING_SYSTEM = "apple-generic";
			};
			name = "Beta Release";
		};
		4558D31720FCC900005BC325 /* Debug */ = {
			isa = XCBuildConfiguration;
			buildSettings = {
				ALWAYS_SEARCH_USER_PATHS = NO;
				CLANG_ANALYZER_LOCALIZABILITY_NONLOCALIZED = YES;
				CLANG_ANALYZER_NONNULL = YES;
				CLANG_ANALYZER_NUMBER_OBJECT_CONVERSION = YES_AGGRESSIVE;
				CLANG_CXX_LANGUAGE_STANDARD = "gnu++14";
				CLANG_CXX_LIBRARY = "libc++";
				CLANG_ENABLE_MODULES = YES;
				CLANG_ENABLE_OBJC_ARC = YES;
				CLANG_ENABLE_OBJC_WEAK = YES;
				CLANG_WARN_BLOCK_CAPTURE_AUTORELEASING = YES;
				CLANG_WARN_BOOL_CONVERSION = YES;
				CLANG_WARN_COMMA = YES;
				CLANG_WARN_CONSTANT_CONVERSION = YES;
				CLANG_WARN_DEPRECATED_OBJC_IMPLEMENTATIONS = YES;
				CLANG_WARN_DIRECT_OBJC_ISA_USAGE = YES_ERROR;
				CLANG_WARN_DOCUMENTATION_COMMENTS = YES;
				CLANG_WARN_EMPTY_BODY = YES;
				CLANG_WARN_ENUM_CONVERSION = YES;
				CLANG_WARN_INFINITE_RECURSION = YES;
				CLANG_WARN_INT_CONVERSION = YES;
				CLANG_WARN_NON_LITERAL_NULL_CONVERSION = YES;
				CLANG_WARN_OBJC_IMPLICIT_RETAIN_SELF = YES;
				CLANG_WARN_OBJC_LITERAL_CONVERSION = YES;
				CLANG_WARN_OBJC_ROOT_CLASS = YES_ERROR;
				CLANG_WARN_QUOTED_INCLUDE_IN_FRAMEWORK_HEADER = YES;
				CLANG_WARN_RANGE_LOOP_ANALYSIS = YES;
				CLANG_WARN_STRICT_PROTOTYPES = YES;
				CLANG_WARN_SUSPICIOUS_MOVE = YES;
				CLANG_WARN_UNGUARDED_AVAILABILITY = YES_AGGRESSIVE;
				CLANG_WARN_UNREACHABLE_CODE = YES;
				CLANG_WARN__DUPLICATE_METHOD_MATCH = YES;
				CODE_SIGN_IDENTITY = "iPhone Developer";
				COPY_PHASE_STRIP = NO;
				DEBUG_INFORMATION_FORMAT = dwarf;
				ENABLE_STRICT_OBJC_MSGSEND = YES;
				ENABLE_TESTABILITY = YES;
				ENABLE_USER_SCRIPT_SANDBOXING = YES;
				GCC_C_LANGUAGE_STANDARD = gnu11;
				GCC_DYNAMIC_NO_PIC = NO;
				GCC_NO_COMMON_BLOCKS = YES;
				GCC_OPTIMIZATION_LEVEL = 0;
				GCC_PREPROCESSOR_DEFINITIONS = (
					"DEBUG=1",
					"$(inherited)",
				);
				GCC_WARN_64_TO_32_BIT_CONVERSION = YES;
				GCC_WARN_ABOUT_RETURN_TYPE = YES_ERROR;
				GCC_WARN_UNDECLARED_SELECTOR = YES;
				GCC_WARN_UNINITIALIZED_AUTOS = YES_AGGRESSIVE;
				GCC_WARN_UNUSED_FUNCTION = YES;
				GCC_WARN_UNUSED_VARIABLE = YES;
				IPHONEOS_DEPLOYMENT_TARGET = 15.0;
				MTL_ENABLE_DEBUG_INFO = YES;
				ONLY_ACTIVE_ARCH = YES;
				SDKROOT = iphoneos;
				SWIFT_ACTIVE_COMPILATION_CONDITIONS = DEBUG;
				SWIFT_OPTIMIZATION_LEVEL = "-Onone";
			};
			name = Debug;
		};
		4558D31820FCC900005BC325 /* Release */ = {
			isa = XCBuildConfiguration;
			buildSettings = {
				ALWAYS_SEARCH_USER_PATHS = NO;
				CLANG_ANALYZER_LOCALIZABILITY_NONLOCALIZED = YES;
				CLANG_ANALYZER_NONNULL = YES;
				CLANG_ANALYZER_NUMBER_OBJECT_CONVERSION = YES_AGGRESSIVE;
				CLANG_CXX_LANGUAGE_STANDARD = "gnu++14";
				CLANG_CXX_LIBRARY = "libc++";
				CLANG_ENABLE_MODULES = YES;
				CLANG_ENABLE_OBJC_ARC = YES;
				CLANG_ENABLE_OBJC_WEAK = YES;
				CLANG_WARN_BLOCK_CAPTURE_AUTORELEASING = YES;
				CLANG_WARN_BOOL_CONVERSION = YES;
				CLANG_WARN_COMMA = YES;
				CLANG_WARN_CONSTANT_CONVERSION = YES;
				CLANG_WARN_DEPRECATED_OBJC_IMPLEMENTATIONS = YES;
				CLANG_WARN_DIRECT_OBJC_ISA_USAGE = YES_ERROR;
				CLANG_WARN_DOCUMENTATION_COMMENTS = YES;
				CLANG_WARN_EMPTY_BODY = YES;
				CLANG_WARN_ENUM_CONVERSION = YES;
				CLANG_WARN_INFINITE_RECURSION = YES;
				CLANG_WARN_INT_CONVERSION = YES;
				CLANG_WARN_NON_LITERAL_NULL_CONVERSION = YES;
				CLANG_WARN_OBJC_IMPLICIT_RETAIN_SELF = YES;
				CLANG_WARN_OBJC_LITERAL_CONVERSION = YES;
				CLANG_WARN_OBJC_ROOT_CLASS = YES_ERROR;
				CLANG_WARN_QUOTED_INCLUDE_IN_FRAMEWORK_HEADER = YES;
				CLANG_WARN_RANGE_LOOP_ANALYSIS = YES;
				CLANG_WARN_STRICT_PROTOTYPES = YES;
				CLANG_WARN_SUSPICIOUS_MOVE = YES;
				CLANG_WARN_UNGUARDED_AVAILABILITY = YES_AGGRESSIVE;
				CLANG_WARN_UNREACHABLE_CODE = YES;
				CLANG_WARN__DUPLICATE_METHOD_MATCH = YES;
				CODE_SIGN_IDENTITY = "iPhone Developer";
				COPY_PHASE_STRIP = NO;
				DEBUG_INFORMATION_FORMAT = "dwarf-with-dsym";
				ENABLE_NS_ASSERTIONS = NO;
				ENABLE_STRICT_OBJC_MSGSEND = YES;
				ENABLE_USER_SCRIPT_SANDBOXING = YES;
				GCC_C_LANGUAGE_STANDARD = gnu11;
				GCC_NO_COMMON_BLOCKS = YES;
				GCC_WARN_64_TO_32_BIT_CONVERSION = YES;
				GCC_WARN_ABOUT_RETURN_TYPE = YES_ERROR;
				GCC_WARN_UNDECLARED_SELECTOR = YES;
				GCC_WARN_UNINITIALIZED_AUTOS = YES_AGGRESSIVE;
				GCC_WARN_UNUSED_FUNCTION = YES;
				GCC_WARN_UNUSED_VARIABLE = YES;
				IPHONEOS_DEPLOYMENT_TARGET = 15.0;
				MTL_ENABLE_DEBUG_INFO = NO;
				SDKROOT = iphoneos;
				SWIFT_COMPILATION_MODE = wholemodule;
				SWIFT_OPTIMIZATION_LEVEL = "-O";
				VALIDATE_PRODUCT = YES;
			};
			name = Release;
		};
		4558D31A20FCC900005BC325 /* Debug */ = {
			isa = XCBuildConfiguration;
			buildSettings = {
				ALWAYS_EMBED_SWIFT_STANDARD_LIBRARIES = YES;
				APP_DISPLAY_NAME = DevStack;
				ASSETCATALOG_COMPILER_APPICON_NAME = AppIcon;
				CODE_SIGN_ENTITLEMENTS = Application/Entitlements/Prod.entitlements;
				CODE_SIGN_IDENTITY = "iPhone Developer";
				CODE_SIGN_STYLE = Automatic;
				CURRENT_PROJECT_VERSION = 1;
				DEBUG_INFORMATION_FORMAT = "dwarf-with-dsym";
				DEVELOPMENT_TEAM = WNB34WBN42;
				ENABLE_BITCODE = NO;
				ENABLE_USER_SCRIPT_SANDBOXING = NO;
				FRAMEWORK_SEARCH_PATHS = "";
				GOOGLE_SERVICE_INFO_PLIST_FILE = "Application/GoogleService/GoogleService-Info-Prod.plist";
				INFOPLIST_FILE = "Application/Info/Info+Proxyman.plist";
				IPHONEOS_DEPLOYMENT_TARGET = 15.0;
				LD_RUNPATH_SEARCH_PATHS = (
					"$(inherited)",
					"@executable_path/Frameworks",
				);
				MARKETING_VERSION = 1.0.0;
				OTHER_LDFLAGS = "-ObjC";
				OTHER_SWIFT_FLAGS = "$(inherited) \"-DPRODUCTION\"";
				PRODUCT_BUNDLE_IDENTIFIER = cz.matee.devstack;
				PRODUCT_NAME = DevStack;
				PROVISIONING_PROFILE_SPECIFIER = "";
				SWIFT_VERSION = 5.0;
				TARGETED_DEVICE_FAMILY = 1;
				VERSIONING_SYSTEM = "apple-generic";
			};
			name = Debug;
		};
		4558D31B20FCC900005BC325 /* Release */ = {
			isa = XCBuildConfiguration;
			buildSettings = {
				ALWAYS_EMBED_SWIFT_STANDARD_LIBRARIES = YES;
				APP_DISPLAY_NAME = DevStack;
				ASSETCATALOG_COMPILER_APPICON_NAME = AppIcon;
				CODE_SIGN_ENTITLEMENTS = Application/Entitlements/Prod.entitlements;
				CODE_SIGN_IDENTITY = "Apple Development";
				CODE_SIGN_STYLE = Automatic;
				CURRENT_PROJECT_VERSION = 1;
				DEBUG_INFORMATION_FORMAT = "dwarf-with-dsym";
				DEVELOPMENT_TEAM = WNB34WBN42;
				ENABLE_BITCODE = NO;
				ENABLE_TESTABILITY = YES;
				ENABLE_USER_SCRIPT_SANDBOXING = NO;
				FRAMEWORK_SEARCH_PATHS = "";
				GOOGLE_SERVICE_INFO_PLIST_FILE = "Application/GoogleService/GoogleService-Info-Prod.plist";
				INFOPLIST_FILE = Application/Info/Info.plist;
				IPHONEOS_DEPLOYMENT_TARGET = 15.0;
				LD_RUNPATH_SEARCH_PATHS = (
					"$(inherited)",
					"@executable_path/Frameworks",
				);
				MARKETING_VERSION = 1.0.0;
				OTHER_LDFLAGS = "-ObjC";
				OTHER_SWIFT_FLAGS = "$(inherited) \"-DPRODUCTION\"";
				PRODUCT_BUNDLE_IDENTIFIER = cz.matee.devstack;
				PRODUCT_NAME = DevStack;
				PROVISIONING_PROFILE_SPECIFIER = "";
				SWIFT_VERSION = 5.0;
				TARGETED_DEVICE_FAMILY = 1;
				VERSIONING_SYSTEM = "apple-generic";
			};
			name = Release;
		};
		45DEBE2727A153A20075C7E2 /* Debug */ = {
			isa = XCBuildConfiguration;
			buildSettings = {
				ASSETCATALOG_COMPILER_GLOBAL_ACCENT_COLOR_NAME = AccentColor;
				ASSETCATALOG_COMPILER_WIDGET_BACKGROUND_COLOR_NAME = WidgetBackground;
				CLANG_CXX_LANGUAGE_STANDARD = "gnu++17";
				CODE_SIGN_ENTITLEMENTS = Widget/Entitlements/Prod.entitlements;
				CODE_SIGN_IDENTITY = "iPhone Developer";
				CODE_SIGN_STYLE = Automatic;
				CURRENT_PROJECT_VERSION = 1;
				DEVELOPMENT_TEAM = WNB34WBN42;
				GENERATE_INFOPLIST_FILE = YES;
				INFOPLIST_FILE = Widget/Info.plist;
				INFOPLIST_KEY_CFBundleDisplayName = "DevStack Widget";
				INFOPLIST_KEY_NSHumanReadableCopyright = "Copyright © 2022 Matee. All rights reserved.";
				IPHONEOS_DEPLOYMENT_TARGET = 15.0;
				LD_RUNPATH_SEARCH_PATHS = (
					"$(inherited)",
					"@executable_path/Frameworks",
					"@executable_path/../../Frameworks",
				);
				MARKETING_VERSION = 1.0.0;
				MTL_ENABLE_DEBUG_INFO = INCLUDE_SOURCE;
				MTL_FAST_MATH = YES;
				OTHER_SWIFT_FLAGS = "\"-DPRODUCTION\"";
				PRODUCT_BUNDLE_IDENTIFIER = cz.matee.devstack.widget;
				PRODUCT_NAME = "$(TARGET_NAME)";
				SKIP_INSTALL = YES;
				SWIFT_EMIT_LOC_STRINGS = YES;
				SWIFT_VERSION = 5.0;
				TARGETED_DEVICE_FAMILY = 1;
			};
			name = Debug;
		};
		45DEBE2827A153A20075C7E2 /* Beta Debug */ = {
			isa = XCBuildConfiguration;
			buildSettings = {
				ASSETCATALOG_COMPILER_GLOBAL_ACCENT_COLOR_NAME = AccentColor;
				ASSETCATALOG_COMPILER_WIDGET_BACKGROUND_COLOR_NAME = WidgetBackground;
				CLANG_CXX_LANGUAGE_STANDARD = "gnu++17";
				CODE_SIGN_ENTITLEMENTS = Widget/Entitlements/Beta.entitlements;
				CODE_SIGN_IDENTITY = "iPhone Developer";
				CODE_SIGN_STYLE = Automatic;
				CURRENT_PROJECT_VERSION = 1;
				DEVELOPMENT_TEAM = WNB34WBN42;
				GENERATE_INFOPLIST_FILE = YES;
				INFOPLIST_FILE = Widget/Info.plist;
				INFOPLIST_KEY_CFBundleDisplayName = "DevStack Widget";
				INFOPLIST_KEY_NSHumanReadableCopyright = "Copyright © 2022 Matee. All rights reserved.";
				IPHONEOS_DEPLOYMENT_TARGET = 15.0;
				LD_RUNPATH_SEARCH_PATHS = (
					"$(inherited)",
					"@executable_path/Frameworks",
					"@executable_path/../../Frameworks",
				);
				MARKETING_VERSION = 1.0.0;
				MTL_FAST_MATH = YES;
				OTHER_SWIFT_FLAGS = "\"-DBETA\"";
				PRODUCT_BUNDLE_IDENTIFIER = cz.matee.devstack.beta.widget;
				PRODUCT_NAME = "$(TARGET_NAME)";
				SKIP_INSTALL = YES;
				SWIFT_EMIT_LOC_STRINGS = YES;
				SWIFT_VERSION = 5.0;
				TARGETED_DEVICE_FAMILY = 1;
			};
			name = "Beta Debug";
		};
		45DEBE2927A153A20075C7E2 /* Alpha Debug */ = {
			isa = XCBuildConfiguration;
			buildSettings = {
				ASSETCATALOG_COMPILER_GLOBAL_ACCENT_COLOR_NAME = AccentColor;
				ASSETCATALOG_COMPILER_WIDGET_BACKGROUND_COLOR_NAME = WidgetBackground;
				CLANG_CXX_LANGUAGE_STANDARD = "gnu++17";
				CODE_SIGN_ENTITLEMENTS = Widget/Entitlements/Alpha.entitlements;
				CODE_SIGN_IDENTITY = "iPhone Developer";
				CODE_SIGN_STYLE = Automatic;
				CURRENT_PROJECT_VERSION = 1;
				DEVELOPMENT_TEAM = WNB34WBN42;
				GENERATE_INFOPLIST_FILE = YES;
				INFOPLIST_FILE = Widget/Info.plist;
				INFOPLIST_KEY_CFBundleDisplayName = "DevStack Widget";
				INFOPLIST_KEY_NSHumanReadableCopyright = "Copyright © 2022 Matee. All rights reserved.";
				IPHONEOS_DEPLOYMENT_TARGET = 15.0;
				LD_RUNPATH_SEARCH_PATHS = (
					"$(inherited)",
					"@executable_path/Frameworks",
					"@executable_path/../../Frameworks",
				);
				MARKETING_VERSION = 1.0.0;
				MTL_FAST_MATH = YES;
				OTHER_SWIFT_FLAGS = "\"-DALPHA\"";
				PRODUCT_BUNDLE_IDENTIFIER = cz.matee.devstack.alpha.widget;
				PRODUCT_NAME = "$(TARGET_NAME)";
				SKIP_INSTALL = YES;
				SWIFT_EMIT_LOC_STRINGS = YES;
				SWIFT_VERSION = 5.0;
				TARGETED_DEVICE_FAMILY = 1;
			};
			name = "Alpha Debug";
		};
		45DEBE2A27A153A20075C7E2 /* Release */ = {
			isa = XCBuildConfiguration;
			buildSettings = {
				ASSETCATALOG_COMPILER_GLOBAL_ACCENT_COLOR_NAME = AccentColor;
				ASSETCATALOG_COMPILER_WIDGET_BACKGROUND_COLOR_NAME = WidgetBackground;
				CLANG_CXX_LANGUAGE_STANDARD = "gnu++17";
				CODE_SIGN_ENTITLEMENTS = Widget/Entitlements/Prod.entitlements;
				CODE_SIGN_IDENTITY = "Apple Development";
				CODE_SIGN_STYLE = Automatic;
				CURRENT_PROJECT_VERSION = 1;
				DEVELOPMENT_TEAM = WNB34WBN42;
				GENERATE_INFOPLIST_FILE = YES;
				INFOPLIST_FILE = Widget/Info.plist;
				INFOPLIST_KEY_CFBundleDisplayName = "DevStack Widget";
				INFOPLIST_KEY_NSHumanReadableCopyright = "Copyright © 2022 Matee. All rights reserved.";
				IPHONEOS_DEPLOYMENT_TARGET = 15.0;
				LD_RUNPATH_SEARCH_PATHS = (
					"$(inherited)",
					"@executable_path/Frameworks",
					"@executable_path/../../Frameworks",
				);
				MARKETING_VERSION = 1.0.0;
				MTL_FAST_MATH = YES;
				OTHER_SWIFT_FLAGS = "\"-DPRODUCTION\"";
				PRODUCT_BUNDLE_IDENTIFIER = cz.matee.devstack.widget;
				PRODUCT_NAME = "$(TARGET_NAME)";
				PROVISIONING_PROFILE_SPECIFIER = "";
				SKIP_INSTALL = YES;
				SWIFT_EMIT_LOC_STRINGS = YES;
				SWIFT_VERSION = 5.0;
				TARGETED_DEVICE_FAMILY = 1;
			};
			name = Release;
		};
		45DEBE2B27A153A20075C7E2 /* Beta Release */ = {
			isa = XCBuildConfiguration;
			buildSettings = {
				ASSETCATALOG_COMPILER_GLOBAL_ACCENT_COLOR_NAME = AccentColor;
				ASSETCATALOG_COMPILER_WIDGET_BACKGROUND_COLOR_NAME = WidgetBackground;
				CLANG_CXX_LANGUAGE_STANDARD = "gnu++17";
				CODE_SIGN_ENTITLEMENTS = Widget/Entitlements/Beta.entitlements;
				CODE_SIGN_IDENTITY = "Apple Development";
				CODE_SIGN_STYLE = Automatic;
				CURRENT_PROJECT_VERSION = 1;
				DEVELOPMENT_TEAM = WNB34WBN42;
				GENERATE_INFOPLIST_FILE = YES;
				INFOPLIST_FILE = Widget/Info.plist;
				INFOPLIST_KEY_CFBundleDisplayName = "DevStack Widget";
				INFOPLIST_KEY_NSHumanReadableCopyright = "Copyright © 2022 Matee. All rights reserved.";
				IPHONEOS_DEPLOYMENT_TARGET = 15.0;
				LD_RUNPATH_SEARCH_PATHS = (
					"$(inherited)",
					"@executable_path/Frameworks",
					"@executable_path/../../Frameworks",
				);
				MARKETING_VERSION = 1.0.0;
				MTL_FAST_MATH = YES;
				OTHER_SWIFT_FLAGS = "\"-DBETA\"";
				PRODUCT_BUNDLE_IDENTIFIER = cz.matee.devstack.beta.widget;
				PRODUCT_NAME = "$(TARGET_NAME)";
				PROVISIONING_PROFILE_SPECIFIER = "";
				SKIP_INSTALL = YES;
				SWIFT_EMIT_LOC_STRINGS = YES;
				SWIFT_VERSION = 5.0;
				TARGETED_DEVICE_FAMILY = 1;
			};
			name = "Beta Release";
		};
		45DEBE2C27A153A20075C7E2 /* Alpha Release */ = {
			isa = XCBuildConfiguration;
			buildSettings = {
				ASSETCATALOG_COMPILER_GLOBAL_ACCENT_COLOR_NAME = AccentColor;
				ASSETCATALOG_COMPILER_WIDGET_BACKGROUND_COLOR_NAME = WidgetBackground;
				CLANG_CXX_LANGUAGE_STANDARD = "gnu++17";
				CODE_SIGN_ENTITLEMENTS = Widget/Entitlements/Alpha.entitlements;
				CODE_SIGN_IDENTITY = "Apple Development";
				CODE_SIGN_STYLE = Automatic;
				CURRENT_PROJECT_VERSION = 1;
				DEVELOPMENT_TEAM = WNB34WBN42;
				GENERATE_INFOPLIST_FILE = YES;
				INFOPLIST_FILE = Widget/Info.plist;
				INFOPLIST_KEY_CFBundleDisplayName = "DevStack Widget";
				INFOPLIST_KEY_NSHumanReadableCopyright = "Copyright © 2022 Matee. All rights reserved.";
				IPHONEOS_DEPLOYMENT_TARGET = 15.0;
				LD_RUNPATH_SEARCH_PATHS = (
					"$(inherited)",
					"@executable_path/Frameworks",
					"@executable_path/../../Frameworks",
				);
				MARKETING_VERSION = 1.0.0;
				MTL_FAST_MATH = YES;
				OTHER_SWIFT_FLAGS = "\"-DALPHA\"";
				PRODUCT_BUNDLE_IDENTIFIER = cz.matee.devstack.alpha.widget;
				PRODUCT_NAME = "$(TARGET_NAME)";
				PROVISIONING_PROFILE_SPECIFIER = "";
				SKIP_INSTALL = YES;
				SWIFT_EMIT_LOC_STRINGS = YES;
				SWIFT_VERSION = 5.0;
				TARGETED_DEVICE_FAMILY = 1;
			};
			name = "Alpha Release";
		};
/* End XCBuildConfiguration section */

/* Begin XCConfigurationList section */
		4558D30220FCC8FF005BC325 /* Build configuration list for PBXProject "DevStack" */ = {
			isa = XCConfigurationList;
			buildConfigurations = (
				4558D31720FCC900005BC325 /* Debug */,
				453D3F5D25ED2AE60094ADD7 /* Beta Debug */,
				453D3F5825ED2AD70094ADD7 /* Alpha Debug */,
				4558D31820FCC900005BC325 /* Release */,
				453D3F6725ED2AFB0094ADD7 /* Beta Release */,
				453D3F6225ED2AF10094ADD7 /* Alpha Release */,
			);
			defaultConfigurationIsVisible = 0;
			defaultConfigurationName = Release;
		};
		4558D31920FCC900005BC325 /* Build configuration list for PBXNativeTarget "DevStack" */ = {
			isa = XCConfigurationList;
			buildConfigurations = (
				4558D31A20FCC900005BC325 /* Debug */,
				453D3F5E25ED2AE60094ADD7 /* Beta Debug */,
				453D3F5925ED2AD70094ADD7 /* Alpha Debug */,
				4558D31B20FCC900005BC325 /* Release */,
				453D3F6825ED2AFB0094ADD7 /* Beta Release */,
				453D3F6325ED2AF10094ADD7 /* Alpha Release */,
			);
			defaultConfigurationIsVisible = 0;
			defaultConfigurationName = Release;
		};
		45DEBE2D27A153A20075C7E2 /* Build configuration list for PBXNativeTarget "DevStack Widget" */ = {
			isa = XCConfigurationList;
			buildConfigurations = (
				45DEBE2727A153A20075C7E2 /* Debug */,
				45DEBE2827A153A20075C7E2 /* Beta Debug */,
				45DEBE2927A153A20075C7E2 /* Alpha Debug */,
				45DEBE2A27A153A20075C7E2 /* Release */,
				45DEBE2B27A153A20075C7E2 /* Beta Release */,
				45DEBE2C27A153A20075C7E2 /* Alpha Release */,
			);
			defaultConfigurationIsVisible = 0;
			defaultConfigurationName = Release;
		};
/* End XCConfigurationList section */

/* Begin XCRemoteSwiftPackageReference section */
		457CD0E22991603400F491F9 /* XCRemoteSwiftPackageReference "SwiftLint" */ = {
			isa = XCRemoteSwiftPackageReference;
			repositoryURL = "https://github.com/realm/SwiftLint";
			requirement = {
				kind = upToNextMajorVersion;
				minimumVersion = 0.53.0;
			};
		};
		459EF41025BF6EEF00C9DAC0 /* XCRemoteSwiftPackageReference "atlantis" */ = {
			isa = XCRemoteSwiftPackageReference;
			repositoryURL = "https://github.com/ProxymanApp/atlantis";
			requirement = {
				kind = upToNextMajorVersion;
				minimumVersion = 1.7.1;
			};
		};
		45BCC87E2AD057F000672401 /* XCRemoteSwiftPackageReference "Factory" */ = {
			isa = XCRemoteSwiftPackageReference;
			repositoryURL = "https://github.com/hmlongco/Factory";
			requirement = {
				kind = upToNextMajorVersion;
				minimumVersion = 2.3.0;
			};
		};
/* End XCRemoteSwiftPackageReference section */

/* Begin XCSwiftPackageProductDependency section */
		4506A71E2842E01300F299B4 /* Utilities */ = {
			isa = XCSwiftPackageProductDependency;
			productName = Utilities;
		};
		4508332928435E7800BC9460 /* SharedDomain */ = {
			isa = XCSwiftPackageProductDependency;
			productName = SharedDomain;
		};
		4508332F28435E7900BC9460 /* Utilities */ = {
			isa = XCSwiftPackageProductDependency;
			productName = Utilities;
		};
		4508333628437BB700BC9460 /* UIToolkit */ = {
			isa = XCSwiftPackageProductDependency;
			productName = UIToolkit;
		};
		45122E652AD3488400BF3454 /* DependencyInjection */ = {
			isa = XCSwiftPackageProductDependency;
			productName = DependencyInjection;
		};
		45122E672AD3488C00BF3454 /* Factory */ = {
			isa = XCSwiftPackageProductDependency;
			package = 45BCC87E2AD057F000672401 /* XCRemoteSwiftPackageReference "Factory" */;
			productName = Factory;
		};
		45702E5F284226CA008D5487 /* SharedDomain */ = {
			isa = XCSwiftPackageProductDependency;
			productName = SharedDomain;
		};
		457CD0E32991606B00F491F9 /* SwiftLintPlugin */ = {
			isa = XCSwiftPackageProductDependency;
			package = 457CD0E22991603400F491F9 /* XCRemoteSwiftPackageReference "SwiftLint" */;
			productName = "plugin:SwiftLintPlugin";
		};
		459C3706274B001B00536110 /* Atlantis */ = {
			isa = XCSwiftPackageProductDependency;
			package = 459EF41025BF6EEF00C9DAC0 /* XCRemoteSwiftPackageReference "atlantis" */;
			productName = Atlantis;
		};
		45BCC87F2AD057F000672401 /* Factory */ = {
			isa = XCSwiftPackageProductDependency;
			package = 45BCC87E2AD057F000672401 /* XCRemoteSwiftPackageReference "Factory" */;
			productName = Factory;
		};
		A3009B972C5A6BA600806BA3 /* AnalyticsProvider */ = {
			isa = XCSwiftPackageProductDependency;
			productName = AnalyticsProvider;
		};
		A353123E2C5A71C6009E1A3D /* Sample */ = {
			isa = XCSwiftPackageProductDependency;
			productName = Sample;
		};
		A37BB4DD2C5CF770006C491D /* SampleSharedViewModel */ = {
			isa = XCSwiftPackageProductDependency;
			productName = SampleSharedViewModel;
		};
		A37BB4E02C5D1129006C491D /* SampleComposeMultiplatform */ = {
			isa = XCSwiftPackageProductDependency;
			productName = SampleComposeMultiplatform;
		};
/* End XCSwiftPackageProductDependency section */
	};
	rootObject = 4558D2FF20FCC8FF005BC325 /* Project object */;
}
