<?xml version="1.0" encoding="UTF-8"?>
<Scheme
   LastUpgradeVersion = "1500"
   version = "1.8">
   <BuildAction
      parallelizeBuildables = "YES"
      buildImplicitDependencies = "YES">
      <PreActions>
         <ExecutionAction
            ActionType = "Xcode.IDEStandardExecutionActionsCore.ExecutionActionType.ShellScriptAction">
            <ActionContent
               title = "Generate error messages"
               scriptText = "if [ -z &quot;$CI&quot; ]; then&#10;    cd &quot;${PROJECT_DIR}&quot;&#10;    scripts/generate-error-messages.sh&#10;fi&#10;">
               <EnvironmentBuildable>
                  <BuildableReference
                     BuildableIdentifier = "primary"
                     BlueprintIdentifier = "4558D30620FCC8FF005BC325"
                     BuildableName = "DevStack.app"
                     BlueprintName = "DevStack"
                     ReferencedContainer = "container:DevStack.xcodeproj">
                  </BuildableReference>
               </EnvironmentBuildable>
            </ActionContent>
         </ExecutionAction>
         <ExecutionAction
            ActionType = "Xcode.IDEStandardExecutionActionsCore.ExecutionActionType.ShellScriptAction">
            <ActionContent
               title = "Build KMP"
               scriptText = "if [ -z &quot;$CI&quot; ]; then&#10;    cd &quot;${PROJECT_DIR}&quot;&#10;    scripts/build-kmp.sh &quot;${CONFIGURATION}&quot; false&#10;fi&#10;">
               <EnvironmentBuildable>
                  <BuildableReference
                     BuildableIdentifier = "primary"
                     BlueprintIdentifier = "4558D30620FCC8FF005BC325"
                     BuildableName = "DevStack.app"
                     BlueprintName = "DevStack"
                     ReferencedContainer = "container:DevStack.xcodeproj">
                  </BuildableReference>
               </EnvironmentBuildable>
            </ActionContent>
         </ExecutionAction>
      </PreActions>
      <BuildActionEntries>
         <BuildActionEntry
            buildForTesting = "YES"
            buildForRunning = "YES"
            buildForProfiling = "YES"
            buildForArchiving = "YES"
            buildForAnalyzing = "YES">
            <BuildableReference
               BuildableIdentifier = "primary"
               BlueprintIdentifier = "4558D30620FCC8FF005BC325"
               BuildableName = "DevStack.app"
               BlueprintName = "DevStack"
               ReferencedContainer = "container:DevStack.xcodeproj">
            </BuildableReference>
         </BuildActionEntry>
         <BuildActionEntry
            buildForTesting = "YES"
            buildForRunning = "NO"
            buildForProfiling = "NO"
            buildForArchiving = "NO"
            buildForAnalyzing = "NO">
            <BuildableReference
               BuildableIdentifier = "primary"
               BlueprintIdentifier = "RocketToolkitTests"
               BuildableName = "RocketToolkitTests"
               BlueprintName = "RocketToolkitTests"
               ReferencedContainer = "container:DataLayer/Toolkits/RocketToolkit">
            </BuildableReference>
         </BuildActionEntry>
      </BuildActionEntries>
   </BuildAction>
   <TestAction
      buildConfiguration = "Alpha Debug"
      selectedDebuggerIdentifier = "Xcode.DebuggerFoundation.Debugger.LLDB"
      selectedLauncherIdentifier = "Xcode.DebuggerFoundation.Launcher.LLDB"
      shouldUseLaunchSchemeArgsEnv = "YES">
      <Testables>
         <TestableReference
            skipped = "NO"
            parallelizable = "YES"
            testExecutionOrdering = "random">
            <BuildableReference
               BuildableIdentifier = "primary"
               BlueprintIdentifier = "AnalyticsToolkitTests"
               BuildableName = "AnalyticsToolkitTests"
               BlueprintName = "AnalyticsToolkitTests"
               ReferencedContainer = "container:DataLayer/Toolkits/AnalyticsToolkit">
            </BuildableReference>
         </TestableReference>
         <TestableReference
            skipped = "NO"
            parallelizable = "YES"
            testExecutionOrdering = "random">
            <BuildableReference
               BuildableIdentifier = "primary"
               BlueprintIdentifier = "AuthToolkitTests"
               BuildableName = "AuthToolkitTests"
               BlueprintName = "AuthToolkitTests"
               ReferencedContainer = "container:DataLayer/Toolkits/AnalyticsToolkit/AuthToolkit">
            </BuildableReference>
         </TestableReference>
         <TestableReference
            skipped = "NO"
            parallelizable = "YES"
            testExecutionOrdering = "random">
            <BuildableReference
               BuildableIdentifier = "primary"
               BlueprintIdentifier = "LocationToolkitTests"
               BuildableName = "LocationToolkitTests"
               BlueprintName = "LocationToolkitTests"
               ReferencedContainer = "container:DataLayer/Toolkits/LocationToolkit">
            </BuildableReference>
         </TestableReference>
         <TestableReference
            skipped = "NO"
            parallelizable = "YES"
            testExecutionOrdering = "random">
            <BuildableReference
               BuildableIdentifier = "primary"
               BlueprintIdentifier = "OnboardingTests"
               BuildableName = "OnboardingTests"
               BlueprintName = "OnboardingTests"
               ReferencedContainer = "container:PresentationLayer/Onboarding">
            </BuildableReference>
         </TestableReference>
         <TestableReference
            skipped = "NO"
            parallelizable = "YES"
            testExecutionOrdering = "random">
            <BuildableReference
               BuildableIdentifier = "primary"
               BlueprintIdentifier = "ProfileTests"
               BuildableName = "ProfileTests"
               BlueprintName = "ProfileTests"
               ReferencedContainer = "container:PresentationLayer/Profile">
            </BuildableReference>
         </TestableReference>
         <TestableReference
            skipped = "NO"
            parallelizable = "YES"
            testExecutionOrdering = "random">
            <BuildableReference
               BuildableIdentifier = "primary"
               BlueprintIdentifier = "PushNotificationsToolkitTests"
               BuildableName = "PushNotificationsToolkitTests"
               BlueprintName = "PushNotificationsToolkitTests"
               ReferencedContainer = "container:DataLayer/Toolkits/PushNotificationsToolkit">
            </BuildableReference>
         </TestableReference>
         <TestableReference
            skipped = "NO"
            parallelizable = "YES"
            testExecutionOrdering = "random">
            <BuildableReference
               BuildableIdentifier = "primary"
               BlueprintIdentifier = "RecipesTests"
               BuildableName = "RecipesTests"
               BlueprintName = "RecipesTests"
               ReferencedContainer = "container:PresentationLayer/Recipes">
            </BuildableReference>
         </TestableReference>
         <TestableReference
            skipped = "NO"
            parallelizable = "YES"
            testExecutionOrdering = "random">
            <BuildableReference
               BuildableIdentifier = "primary"
               BlueprintIdentifier = "RemoteConfigToolkitTests"
               BuildableName = "RemoteConfigToolkitTests"
               BlueprintName = "RemoteConfigToolkitTests"
               ReferencedContainer = "container:DataLayer/Toolkits/RemoteConfigToolkit">
            </BuildableReference>
         </TestableReference>
         <TestableReference
            skipped = "NO"
            parallelizable = "YES"
            testExecutionOrdering = "random">
            <BuildableReference
               BuildableIdentifier = "primary"
               BlueprintIdentifier = "SharedDomainTests"
               BuildableName = "SharedDomainTests"
               BlueprintName = "SharedDomainTests"
               ReferencedContainer = "container:DomainLayer/SharedDomain">
            </BuildableReference>
         </TestableReference>
         <TestableReference
            skipped = "NO"
            parallelizable = "YES"
            testExecutionOrdering = "random">
            <BuildableReference
               BuildableIdentifier = "primary"
               BlueprintIdentifier = "UsersTests"
               BuildableName = "UsersTests"
               BlueprintName = "UsersTests"
               ReferencedContainer = "container:PresentationLayer/Users">
            </BuildableReference>
         </TestableReference>
         <TestableReference
            skipped = "NO"
            parallelizable = "YES"
            testExecutionOrdering = "random">
            <BuildableReference
               BuildableIdentifier = "primary"
               BlueprintIdentifier = "UserToolkitTests"
               BuildableName = "UserToolkitTests"
               BlueprintName = "UserToolkitTests"
               ReferencedContainer = "container:DataLayer/Toolkits/UserToolkit">
            </BuildableReference>
         </TestableReference>
         <TestableReference
            skipped = "NO"
            parallelizable = "YES"
            testExecutionOrdering = "random">
            <BuildableReference
               BuildableIdentifier = "primary"
               BlueprintIdentifier = "RocketToolkitTests"
               BuildableName = "RocketToolkitTests"
               BlueprintName = "RocketToolkitTests"
               ReferencedContainer = "container:DataLayer/Toolkits/RocketToolkit">
            </BuildableReference>
         </TestableReference>
      </Testables>
   </TestAction>
   <LaunchAction
      buildConfiguration = "Alpha Debug"
      selectedDebuggerIdentifier = "Xcode.DebuggerFoundation.Debugger.LLDB"
      selectedLauncherIdentifier = "Xcode.DebuggerFoundation.Launcher.LLDB"
      launchStyle = "0"
      useCustomWorkingDirectory = "NO"
      ignoresPersistentStateOnLaunch = "NO"
      debugDocumentVersioning = "YES"
      debugServiceExtension = "internal"
      allowLocationSimulation = "YES">
      <BuildableProductRunnable
         runnableDebuggingMode = "0">
         <BuildableReference
            BuildableIdentifier = "primary"
            BlueprintIdentifier = "4558D30620FCC8FF005BC325"
            BuildableName = "DevStack.app"
            BlueprintName = "DevStack"
            ReferencedContainer = "container:DevStack.xcodeproj">
         </BuildableReference>
      </BuildableProductRunnable>
      <CommandLineArguments>
         <CommandLineArgument
            argument = "-ShouldShowFeedback"
            isEnabled = "YES">
         </CommandLineArgument>
      </CommandLineArguments>
   </LaunchAction>
   <ProfileAction
      buildConfiguration = "Alpha Release"
      shouldUseLaunchSchemeArgsEnv = "YES"
      savedToolIdentifier = ""
      useCustomWorkingDirectory = "NO"
      debugDocumentVersioning = "YES">
      <MacroExpansion>
         <BuildableReference
            BuildableIdentifier = "primary"
            BlueprintIdentifier = "4558D30620FCC8FF005BC325"
            BuildableName = "DevStack.app"
            BlueprintName = "DevStack"
            ReferencedContainer = "container:DevStack.xcodeproj">
         </BuildableReference>
      </MacroExpansion>
   </ProfileAction>
   <AnalyzeAction
      buildConfiguration = "Alpha Debug">
   </AnalyzeAction>
   <ArchiveAction
      buildConfiguration = "Alpha Release"
      revealArchiveInOrganizer = "YES">
      <PostActions>
         <ExecutionAction
            ActionType = "Xcode.IDEStandardExecutionActionsCore.ExecutionActionType.ShellScriptAction">
            <ActionContent
               title = "Remove nested frameworks"
               scriptText = "# Prevent duplication of DevstackKmpShared.xcframework&#10;# https://stackoverflow.com/a/67127583/6947225&#10;rm -rf &quot;${ARCHIVE_PRODUCTS_PATH}/Applications/DevStack.app/PlugIns/DevStack Widget.appex/Frameworks&quot;&#10;">
               <EnvironmentBuildable>
                  <BuildableReference
                     BuildableIdentifier = "primary"
                     BlueprintIdentifier = "4558D30620FCC8FF005BC325"
                     BuildableName = "DevStack.app"
                     BlueprintName = "DevStack"
                     ReferencedContainer = "container:DevStack.xcodeproj">
                  </BuildableReference>
               </EnvironmentBuildable>
            </ActionContent>
         </ExecutionAction>
      </PostActions>
   </ArchiveAction>
   <DevStackAction
      buildConfiguration = "buildConfiguration"
      selectedDebuggerIdentifier = "selectedDebuggerIdentifier"
      selectedLauncherIdentifier = "selectedLauncherIdentifier"
      shouldUseLaunchSchemeArgsEnv = "shouldUseLaunchSchemeArgsEnv">
      <DevStackables>
      </DevStackables>
      <MacroExpansion>
         <BuildableReference
            BuildableIdentifier = "BuildableIdentifier"
            BlueprintIdentifier = "BlueprintIdentifier"
            BuildableName = "BuildableName"
            BlueprintName = "BlueprintName"
            ReferencedContainer = "ReferencedContainer">
         </BuildableReference>
      </MacroExpansion>
      <AdditionalOptions>
      </AdditionalOptions>
   </DevStackAction>
</Scheme>
